
Microsoft Visual Studio Solution File, Format Version 12.00
# Visual Studio Version 17
VisualStudioVersion = 17.0.31912.275
MinimumVisualStudioVersion = 10.0.40219.1
Project("{9A19103F-16F7-4668-BE54-9A1E7A4F7556}") = "BellevueAllianceBot", "BellevueAllianceBot\BellevueAllianceBot.csproj", "{C177C1A2-CC73-4460-BB99-2BB3E4025B6F}"
EndProject
Project("{2150E333-8FDC-42A3-9474-1A3956D46DE8}") = "Solution Items", "Solution Items", "{28618978-01C7-4E48-919E-B708E64F184E}"
	ProjectSection(SolutionItems) = preProject
		.github\workflows\docker.yml = .github\workflows\docker.yml
		Dockerfile = Dockerfile
	EndProjectSection
EndProject
Global
	GlobalSection(SolutionConfigurationPlatforms) = preSolution
		Debug|Any CPU = Debug|Any CPU
		Release|Any CPU = Release|Any CPU
	EndGlobalSection
	GlobalSection(ProjectConfigurationPlatforms) = postSolution
		{C177C1A2-CC73-4460-BB99-2BB3E4025B6F}.Debug|Any CPU.ActiveCfg = Debug|Any CPU
		{C177C1A2-CC73-4460-BB99-2BB3E4025B6F}.Debug|Any CPU.Build.0 = Debug|Any CPU
		{C177C1A2-CC73-4460-BB99-2BB3E4025B6F}.Release|Any CPU.ActiveCfg = Release|Any CPU
		{C177C1A2-CC73-4460-BB99-2BB3E4025B6F}.Release|Any CPU.Build.0 = Release|Any CPU
	EndGlobalSection
	GlobalSection(SolutionProperties) = preSolution
		HideSolutionNode = FALSE
	EndGlobalSection
	GlobalSection(ExtensibilityGlobals) = postSolution
		SolutionGuid = {363D167C-7B7A-4525-BCC0-65EC728589A7}
	EndGlobalSection
EndGlobal
